
Microsoft Visual Studio Solution File, Format Version 12.00
# Visual Studio Version 17
VisualStudioVersion = 17.0.31903.59
MinimumVisualStudioVersion = 10.0.40219.1
Project("{2150E333-8FDC-42A3-9474-1A3956D46DE8}") = "AdventOfCode2021", "AdventOfCode2021", "{ACC5CC30-85B7-4F45-BC92-4D873B2B5DF5}"
EndProject
Project("{2150E333-8FDC-42A3-9474-1A3956D46DE8}") = "AdventOfCode2020", "AdventOfCode2020", "{8D0E7A1C-5273-4A3D-AEA1-C86E7216F184}"
EndProject
Project("{2150E333-8FDC-42A3-9474-1A3956D46DE8}") = "AdventOfCode", "AdventOfCode", "{20197B65-4D37-4912-9803-EDE53B037E9C}"
EndProject
Project("{2150E333-8FDC-42A3-9474-1A3956D46DE8}") = "Helpers", "Helpers", "{617FAF2D-0798-4E1A-A8A6-5905493C4F6C}"
EndProject
Project("{9A19103F-16F7-4668-BE54-9A1E7A4F7556}") = "AdventOfCode2020", "AdventOfCode\AdventOfCode2020\AdventOfCode2020\AdventOfCode2020.csproj", "{9BFCAD43-039E-4B98-8D4E-FE9AABD25349}"
EndProject
Project("{2150E333-8FDC-42A3-9474-1A3956D46DE8}") = "Shared", "Shared", "{C5707886-3836-42D1-B764-AADD0425961F}"
EndProject
Project("{9A19103F-16F7-4668-BE54-9A1E7A4F7556}") = "AdventOfCode2021", "AdventOfCode\AdventOfCode2021\AdventOfCode2021\AdventOfCode2021.csproj", "{013F460D-FEAF-4608-85BA-BF34667C7988}"
EndProject
Project("{9A19103F-16F7-4668-BE54-9A1E7A4F7556}") = "AdventOfCode2021.Test", "AdventOfCode\AdventOfCode2021\AdventOfCode2021.Test\AdventOfCode2021.Test.csproj", "{94794781-6743-4977-B0EC-B30593C9101C}"
EndProject
Project("{9A19103F-16F7-4668-BE54-9A1E7A4F7556}") = "AdventOfCode.Shared", "Shared\AdventOfCode.Shared\AdventOfCode.Shared.csproj", "{55C3E841-35B4-41AA-B2F7-020D2C45A589}"
EndProject
Project("{2150E333-8FDC-42A3-9474-1A3956D46DE8}") = "AdventOfCode2022", "AdventOfCode2022", "{0D8E9D11-1D92-4B02-AD45-12667F0790B2}"
EndProject
Project("{FAE04EC0-301F-11D3-BF4B-00C04F79EFBC}") = "AdventOfCode2022", "AdventOfCode\AdventOfCode2022\AdventOfCode2022\AdventOfCode2022\AdventOfCode2022.csproj", "{1AF084FA-1B75-4582-9346-D527D2AEECC4}"
EndProject
Project("{FAE04EC0-301F-11D3-BF4B-00C04F79EFBC}") = "AdventOfCodeBase", "AdventOfCode\AdventOfCodeBase\AdventOfCodeBase.csproj", "{77B5E188-93ED-4DA8-A03A-74069DEACAC3}"
EndProject
Global
	GlobalSection(SolutionConfigurationPlatforms) = preSolution
		Debug|Any CPU = Debug|Any CPU
		Release|Any CPU = Release|Any CPU
	EndGlobalSection
	GlobalSection(ProjectConfigurationPlatforms) = postSolution
		{9BFCAD43-039E-4B98-8D4E-FE9AABD25349}.Debug|Any CPU.ActiveCfg = Debug|Any CPU
		{9BFCAD43-039E-4B98-8D4E-FE9AABD25349}.Debug|Any CPU.Build.0 = Debug|Any CPU
		{9BFCAD43-039E-4B98-8D4E-FE9AABD25349}.Release|Any CPU.ActiveCfg = Release|Any CPU
		{9BFCAD43-039E-4B98-8D4E-FE9AABD25349}.Release|Any CPU.Build.0 = Release|Any CPU
		{013F460D-FEAF-4608-85BA-BF34667C7988}.Debug|Any CPU.ActiveCfg = Debug|Any CPU
		{013F460D-FEAF-4608-85BA-BF34667C7988}.Debug|Any CPU.Build.0 = Debug|Any CPU
		{013F460D-FEAF-4608-85BA-BF34667C7988}.Release|Any CPU.ActiveCfg = Release|Any CPU
		{013F460D-FEAF-4608-85BA-BF34667C7988}.Release|Any CPU.Build.0 = Release|Any CPU
		{94794781-6743-4977-B0EC-B30593C9101C}.Debug|Any CPU.ActiveCfg = Debug|Any CPU
		{94794781-6743-4977-B0EC-B30593C9101C}.Debug|Any CPU.Build.0 = Debug|Any CPU
		{94794781-6743-4977-B0EC-B30593C9101C}.Release|Any CPU.ActiveCfg = Release|Any CPU
		{94794781-6743-4977-B0EC-B30593C9101C}.Release|Any CPU.Build.0 = Release|Any CPU
		{55C3E841-35B4-41AA-B2F7-020D2C45A589}.Debug|Any CPU.ActiveCfg = Debug|Any CPU
		{55C3E841-35B4-41AA-B2F7-020D2C45A589}.Debug|Any CPU.Build.0 = Debug|Any CPU
		{55C3E841-35B4-41AA-B2F7-020D2C45A589}.Release|Any CPU.ActiveCfg = Release|Any CPU
		{55C3E841-35B4-41AA-B2F7-020D2C45A589}.Release|Any CPU.Build.0 = Release|Any CPU
		{1AF084FA-1B75-4582-9346-D527D2AEECC4}.Debug|Any CPU.ActiveCfg = Debug|Any CPU
		{1AF084FA-1B75-4582-9346-D527D2AEECC4}.Debug|Any CPU.Build.0 = Debug|Any CPU
		{1AF084FA-1B75-4582-9346-D527D2AEECC4}.Release|Any CPU.ActiveCfg = Release|Any CPU
		{1AF084FA-1B75-4582-9346-D527D2AEECC4}.Release|Any CPU.Build.0 = Release|Any CPU
		{77B5E188-93ED-4DA8-A03A-74069DEACAC3}.Debug|Any CPU.ActiveCfg = Debug|Any CPU
		{77B5E188-93ED-4DA8-A03A-74069DEACAC3}.Debug|Any CPU.Build.0 = Debug|Any CPU
		{77B5E188-93ED-4DA8-A03A-74069DEACAC3}.Release|Any CPU.ActiveCfg = Release|Any CPU
		{77B5E188-93ED-4DA8-A03A-74069DEACAC3}.Release|Any CPU.Build.0 = Release|Any CPU
	EndGlobalSection
	GlobalSection(SolutionProperties) = preSolution
		HideSolutionNode = FALSE
	EndGlobalSection
	GlobalSection(NestedProjects) = preSolution
		{ACC5CC30-85B7-4F45-BC92-4D873B2B5DF5} = {20197B65-4D37-4912-9803-EDE53B037E9C}
		{8D0E7A1C-5273-4A3D-AEA1-C86E7216F184} = {20197B65-4D37-4912-9803-EDE53B037E9C}
		{9BFCAD43-039E-4B98-8D4E-FE9AABD25349} = {8D0E7A1C-5273-4A3D-AEA1-C86E7216F184}
		{013F460D-FEAF-4608-85BA-BF34667C7988} = {ACC5CC30-85B7-4F45-BC92-4D873B2B5DF5}
		{94794781-6743-4977-B0EC-B30593C9101C} = {ACC5CC30-85B7-4F45-BC92-4D873B2B5DF5}
		{55C3E841-35B4-41AA-B2F7-020D2C45A589} = {C5707886-3836-42D1-B764-AADD0425961F}
		{0D8E9D11-1D92-4B02-AD45-12667F0790B2} = {20197B65-4D37-4912-9803-EDE53B037E9C}
		{1AF084FA-1B75-4582-9346-D527D2AEECC4} = {0D8E9D11-1D92-4B02-AD45-12667F0790B2}
		{77B5E188-93ED-4DA8-A03A-74069DEACAC3} = {20197B65-4D37-4912-9803-EDE53B037E9C}
	EndGlobalSection
	GlobalSection(ExtensibilityGlobals) = postSolution
		SolutionGuid = {64F56F86-45D8-49E0-9BA3-ED17692E8FD7}
	EndGlobalSection
EndGlobal
